<?xml version="1.0" encoding="utf-8"?>
<Project ToolsVersion="4.0" xmlns="http://schemas.microsoft.com/developer/msbuild/2003">
  <ItemGroup>
    <Filter Include="Source Files">
      <UniqueIdentifier>{10048534-2D66-4B10-9260-F8E67C25531E}</UniqueIdentifier>
      <Extensions>cpp;c;cxx;def;odl;idl;hpj;bat;asm;asmx</Extensions>
    </Filter>
    <Filter Include="Header Files">
      <UniqueIdentifier>{489DC778-62AE-47A0-8F08-FF00C21A1C69}</UniqueIdentifier>
      <Extensions>h;hpp;hxx;hm;inl;inc;xsd</Extensions>
    </Filter>
    <Filter Include="Resource Files">
      <UniqueIdentifier>{66D60608-75CB-44C6-B5A2-08262BFEDBB4}</UniqueIdentifier>
      <Extensions>rc;ico;cur;bmp;dlg;rc2;rct;bin;rgs;gif;jpg;jpeg;jpe;resx</Extensions>
    </Filter>
  </ItemGroup>
	<ItemGroup>
	<ClCompile Include="Consumer.cpp">
			<Filter>Source Files</Filter>
		</ClCompile>
	</ItemGroup>

	<ItemGroup>
		<ClInclude Include="Consumer.h">
		<Filter>Header Files</Filter>
		</ClInclude>
	</ItemGroup>



</Project>
