<?xml version="1.0" encoding="utf-8"?>
<Project ToolsVersion="4.0" xmlns="http://schemas.microsoft.com/developer/msbuild/2003">
  <ItemGroup>
    <Filter Include="Source Files">
      <UniqueIdentifier>{7A859B1D-4DA0-4B45-89DD-D3295C00B36D}</UniqueIdentifier>
      <Extensions>cpp;c;cxx;def;odl;idl;hpj;bat;asm;asmx</Extensions>
    </Filter>
    <Filter Include="Header Files">
      <UniqueIdentifier>{D8158817-7EAA-44D6-A07D-05C19E47C1BE}</UniqueIdentifier>
      <Extensions>h;hpp;hxx;hm;inl;inc;xsd</Extensions>
    </Filter>
    <Filter Include="Resource Files">
      <UniqueIdentifier>{AE80C650-720C-4128-89C7-ACCDA0D4A54C}</UniqueIdentifier>
      <Extensions>rc;ico;cur;bmp;dlg;rc2;rct;bin;rgs;gif;jpg;jpeg;jpe;resx</Extensions>
    </Filter>
  </ItemGroup>
	<ItemGroup>
	<ClCompile Include="Consumer.cpp">
			<Filter>Source Files</Filter>
		</ClCompile>
	</ItemGroup>

	<ItemGroup>
		<ClInclude Include="Consumer.h">
		<Filter>Header Files</Filter>
		</ClInclude>
	</ItemGroup>



</Project>
