<?xml version="1.0" encoding="utf-8"?>
<Project ToolsVersion="4.0" xmlns="http://schemas.microsoft.com/developer/msbuild/2003">
  <ItemGroup>
    <Filter Include="Source Files">
      <UniqueIdentifier>{7C598148-6497-4398-9D09-FF5D12A9C3E2}</UniqueIdentifier>
      <Extensions>cpp;c;cxx;def;odl;idl;hpj;bat;asm;asmx</Extensions>
    </Filter>
    <Filter Include="Header Files">
      <UniqueIdentifier>{49D58418-9632-4421-8D90-A17DC6C30CD5}</UniqueIdentifier>
      <Extensions>h;hpp;hxx;hm;inl;inc;xsd</Extensions>
    </Filter>
    <Filter Include="Resource Files">
      <UniqueIdentifier>{92FA9142-78BB-4E73-9F65-150B866E9A56}</UniqueIdentifier>
      <Extensions>rc;ico;cur;bmp;dlg;rc2;rct;bin;rgs;gif;jpg;jpeg;jpe;resx</Extensions>
    </Filter>
  </ItemGroup>
	<ItemGroup>
	<ClCompile Include="Consumer.cpp">
			<Filter>Source Files</Filter>
		</ClCompile>
	</ItemGroup>

	<ItemGroup>
		<ClInclude Include="Consumer.h">
		<Filter>Header Files</Filter>
		</ClInclude>
	</ItemGroup>



</Project>
