<?xml version="1.0" encoding="utf-8"?>
<Project ToolsVersion="4.0" xmlns="http://schemas.microsoft.com/developer/msbuild/2003">
  <ItemGroup>
    <Filter Include="Source Files">
      <UniqueIdentifier>{64E84FD9-AA19-4F1B-AC00-69D277A7D6A4}</UniqueIdentifier>
      <Extensions>cpp;c;cxx;def;odl;idl;hpj;bat;asm;asmx</Extensions>
    </Filter>
    <Filter Include="Header Files">
      <UniqueIdentifier>{F113A5C8-9042-48AB-9653-5CAD0E6B0A29}</UniqueIdentifier>
      <Extensions>h;hpp;hxx;hm;inl;inc;xsd</Extensions>
    </Filter>
    <Filter Include="Resource Files">
      <UniqueIdentifier>{062BC11E-018E-48E6-A846-7EA4D402A37D}</UniqueIdentifier>
      <Extensions>rc;ico;cur;bmp;dlg;rc2;rct;bin;rgs;gif;jpg;jpeg;jpe;resx</Extensions>
    </Filter>
  </ItemGroup>
	<ItemGroup>
	<ClCompile Include="Consumer.cpp">
			<Filter>Source Files</Filter>
		</ClCompile>
	</ItemGroup>

	<ItemGroup>
		<ClInclude Include="Consumer.h">
		<Filter>Header Files</Filter>
		</ClInclude>
	</ItemGroup>



</Project>
