<?xml version="1.0" encoding="utf-8"?>
<Project ToolsVersion="4.0" xmlns="http://schemas.microsoft.com/developer/msbuild/2003">
  <ItemGroup>
    <Filter Include="Source Files">
      <UniqueIdentifier>{5D617A6D-09C3-43F5-A425-D8B222174709}</UniqueIdentifier>
      <Extensions>cpp;c;cxx;def;odl;idl;hpj;bat;asm;asmx</Extensions>
    </Filter>
    <Filter Include="Header Files">
      <UniqueIdentifier>{6C129981-14EC-4ED4-AA97-3AEF04F3F0B8}</UniqueIdentifier>
      <Extensions>h;hpp;hxx;hm;inl;inc;xsd</Extensions>
    </Filter>
    <Filter Include="Resource Files">
      <UniqueIdentifier>{ED8F91A7-1E53-40E6-A890-56571036FB25}</UniqueIdentifier>
      <Extensions>rc;ico;cur;bmp;dlg;rc2;rct;bin;rgs;gif;jpg;jpeg;jpe;resx</Extensions>
    </Filter>
  </ItemGroup>
	<ItemGroup>
	<ClCompile Include="NiProvider.cpp">
			<Filter>Source Files</Filter>
		</ClCompile>
	</ItemGroup>

	<ItemGroup>
		<ClInclude Include="NiProvider.h">
		<Filter>Header Files</Filter>
		</ClInclude>
	</ItemGroup>



</Project>
