
Microsoft Visual Studio Solution File, Format Version 12.00
# Visual Studio 14
VisualStudioVersion = 14.0.25420.1
MinimumVisualStudioVersion = 10.0.40219.1
Project("{8BC9CEB8-8B4A-11D0-8D11-00A0C91BC942}") = "cacheStubsShared_VS140", "cacheStubsShared.vcxproj", "{0C0F6371-ECBF-479B-A59C-25322F340D43}"
EndProject
Project("{8BC9CEB8-8B4A-11D0-8D11-00A0C91BC942}") = "cacheStubsStatic_VS140", "cacheStubsStatic.vcxproj", "{26EE28DB-57D8-488D-A0D0-C768C4BDF5B6}"
EndProject
Project("{8BC9CEB8-8B4A-11D0-8D11-00A0C91BC942}") = "stubsShared_VS140", "stubsShared.vcxproj", "{2FFB810C-156E-4D11-BED8-F0B9193384F0}"
EndProject
Project("{8BC9CEB8-8B4A-11D0-8D11-00A0C91BC942}") = "stubsStatic_VS140", "stubsStatic.vcxproj", "{A650B88F-6F8F-45B3-A218-F19E4A893E11}"
EndProject
Global
	GlobalSection(SolutionConfigurationPlatforms) = preSolution
		Debug MDd|x64 = Debug MDd|x64
		Debug MDd|x86 = Debug MDd|x86
		Debug Shared MDd|x64 = Debug Shared MDd|x64
		Debug Shared MDd|x86 = Debug Shared MDd|x86
		Release MD Assert|x64 = Release MD Assert|x64
		Release MD Assert|x86 = Release MD Assert|x86
		Release MD|x64 = Release MD|x64
		Release MD|x86 = Release MD|x86
		Release Shared MD Assert|x64 = Release Shared MD Assert|x64
		Release Shared MD Assert|x86 = Release Shared MD Assert|x86
		Release Shared MD|x64 = Release Shared MD|x64
		Release Shared MD|x86 = Release Shared MD|x86
	EndGlobalSection
	GlobalSection(ProjectConfigurationPlatforms) = postSolution
		{0C0F6371-ECBF-479B-A59C-25322F340D43}.Debug MDd|x64.ActiveCfg = Debug Shared MDd|x64
		{0C0F6371-ECBF-479B-A59C-25322F340D43}.Debug MDd|x64.Build.0 = Debug Shared MDd|x64
		{0C0F6371-ECBF-479B-A59C-25322F340D43}.Debug MDd|x86.ActiveCfg = Debug Shared MDd|Win32
		{0C0F6371-ECBF-479B-A59C-25322F340D43}.Debug MDd|x86.Build.0 = Debug Shared MDd|Win32
		{0C0F6371-ECBF-479B-A59C-25322F340D43}.Debug Shared MDd|x64.ActiveCfg = Debug Shared MDd|x64
		{0C0F6371-ECBF-479B-A59C-25322F340D43}.Debug Shared MDd|x64.Build.0 = Debug Shared MDd|x64
		{0C0F6371-ECBF-479B-A59C-25322F340D43}.Debug Shared MDd|x86.ActiveCfg = Debug Shared MDd|Win32
		{0C0F6371-ECBF-479B-A59C-25322F340D43}.Debug Shared MDd|x86.Build.0 = Debug Shared MDd|Win32
		{0C0F6371-ECBF-479B-A59C-25322F340D43}.Release MD Assert|x64.ActiveCfg = Release Shared MD Assert|x64
		{0C0F6371-ECBF-479B-A59C-25322F340D43}.Release MD Assert|x64.Build.0 = Release Shared MD Assert|x64
		{0C0F6371-ECBF-479B-A59C-25322F340D43}.Release MD Assert|x86.ActiveCfg = Release Shared MD Assert|Win32
		{0C0F6371-ECBF-479B-A59C-25322F340D43}.Release MD Assert|x86.Build.0 = Release Shared MD Assert|Win32
		{0C0F6371-ECBF-479B-A59C-25322F340D43}.Release MD|x64.ActiveCfg = Release Shared MD Assert|x64
		{0C0F6371-ECBF-479B-A59C-25322F340D43}.Release MD|x64.Build.0 = Release Shared MD Assert|x64
		{0C0F6371-ECBF-479B-A59C-25322F340D43}.Release MD|x86.ActiveCfg = Release Shared MD Assert|Win32
		{0C0F6371-ECBF-479B-A59C-25322F340D43}.Release MD|x86.Build.0 = Release Shared MD Assert|Win32
		{0C0F6371-ECBF-479B-A59C-25322F340D43}.Release Shared MD Assert|x64.ActiveCfg = Release Shared MD Assert|x64
		{0C0F6371-ECBF-479B-A59C-25322F340D43}.Release Shared MD Assert|x64.Build.0 = Release Shared MD Assert|x64
		{0C0F6371-ECBF-479B-A59C-25322F340D43}.Release Shared MD Assert|x86.ActiveCfg = Release Shared MD Assert|Win32
		{0C0F6371-ECBF-479B-A59C-25322F340D43}.Release Shared MD Assert|x86.Build.0 = Release Shared MD Assert|Win32
		{0C0F6371-ECBF-479B-A59C-25322F340D43}.Release Shared MD|x64.ActiveCfg = Release Shared MD|x64
		{0C0F6371-ECBF-479B-A59C-25322F340D43}.Release Shared MD|x64.Build.0 = Release Shared MD|x64
		{0C0F6371-ECBF-479B-A59C-25322F340D43}.Release Shared MD|x86.ActiveCfg = Release Shared MD|Win32
		{0C0F6371-ECBF-479B-A59C-25322F340D43}.Release Shared MD|x86.Build.0 = Release Shared MD|Win32
		{26EE28DB-57D8-488D-A0D0-C768C4BDF5B6}.Debug MDd|x64.ActiveCfg = Debug MDd|x64
		{26EE28DB-57D8-488D-A0D0-C768C4BDF5B6}.Debug MDd|x64.Build.0 = Debug MDd|x64
		{26EE28DB-57D8-488D-A0D0-C768C4BDF5B6}.Debug MDd|x86.ActiveCfg = Debug MDd|Win32
		{26EE28DB-57D8-488D-A0D0-C768C4BDF5B6}.Debug MDd|x86.Build.0 = Debug MDd|Win32
		{26EE28DB-57D8-488D-A0D0-C768C4BDF5B6}.Debug Shared MDd|x64.ActiveCfg = Debug MDd|x64
		{26EE28DB-57D8-488D-A0D0-C768C4BDF5B6}.Debug Shared MDd|x64.Build.0 = Debug MDd|x64
		{26EE28DB-57D8-488D-A0D0-C768C4BDF5B6}.Debug Shared MDd|x86.ActiveCfg = Debug MDd|Win32
		{26EE28DB-57D8-488D-A0D0-C768C4BDF5B6}.Debug Shared MDd|x86.Build.0 = Debug MDd|Win32
		{26EE28DB-57D8-488D-A0D0-C768C4BDF5B6}.Release MD Assert|x64.ActiveCfg = Release MD Assert|x64
		{26EE28DB-57D8-488D-A0D0-C768C4BDF5B6}.Release MD Assert|x64.Build.0 = Release MD Assert|x64
		{26EE28DB-57D8-488D-A0D0-C768C4BDF5B6}.Release MD Assert|x86.ActiveCfg = Release MD Assert|Win32
		{26EE28DB-57D8-488D-A0D0-C768C4BDF5B6}.Release MD Assert|x86.Build.0 = Release MD Assert|Win32
		{26EE28DB-57D8-488D-A0D0-C768C4BDF5B6}.Release MD|x64.ActiveCfg = Release MD|x64
		{26EE28DB-57D8-488D-A0D0-C768C4BDF5B6}.Release MD|x64.Build.0 = Release MD|x64
		{26EE28DB-57D8-488D-A0D0-C768C4BDF5B6}.Release MD|x86.ActiveCfg = Release MD|Win32
		{26EE28DB-57D8-488D-A0D0-C768C4BDF5B6}.Release MD|x86.Build.0 = Release MD|Win32
		{26EE28DB-57D8-488D-A0D0-C768C4BDF5B6}.Release Shared MD Assert|x64.ActiveCfg = Release MD|x64
		{26EE28DB-57D8-488D-A0D0-C768C4BDF5B6}.Release Shared MD Assert|x64.Build.0 = Release MD|x64
		{26EE28DB-57D8-488D-A0D0-C768C4BDF5B6}.Release Shared MD Assert|x86.ActiveCfg = Release MD|Win32
		{26EE28DB-57D8-488D-A0D0-C768C4BDF5B6}.Release Shared MD Assert|x86.Build.0 = Release MD|Win32
		{26EE28DB-57D8-488D-A0D0-C768C4BDF5B6}.Release Shared MD|x64.ActiveCfg = Release MD|x64
		{26EE28DB-57D8-488D-A0D0-C768C4BDF5B6}.Release Shared MD|x64.Build.0 = Release MD|x64
		{26EE28DB-57D8-488D-A0D0-C768C4BDF5B6}.Release Shared MD|x86.ActiveCfg = Release MD|Win32
		{26EE28DB-57D8-488D-A0D0-C768C4BDF5B6}.Release Shared MD|x86.Build.0 = Release MD|Win32
		{2FFB810C-156E-4D11-BED8-F0B9193384F0}.Debug MDd|x64.ActiveCfg = Debug Shared MDd|x64
		{2FFB810C-156E-4D11-BED8-F0B9193384F0}.Debug MDd|x64.Build.0 = Debug Shared MDd|x64
		{2FFB810C-156E-4D11-BED8-F0B9193384F0}.Debug MDd|x86.ActiveCfg = Debug Shared MDd|Win32
		{2FFB810C-156E-4D11-BED8-F0B9193384F0}.Debug MDd|x86.Build.0 = Debug Shared MDd|Win32
		{2FFB810C-156E-4D11-BED8-F0B9193384F0}.Debug Shared MDd|x64.ActiveCfg = Debug Shared MDd|x64
		{2FFB810C-156E-4D11-BED8-F0B9193384F0}.Debug Shared MDd|x64.Build.0 = Debug Shared MDd|x64
		{2FFB810C-156E-4D11-BED8-F0B9193384F0}.Debug Shared MDd|x86.ActiveCfg = Debug Shared MDd|Win32
		{2FFB810C-156E-4D11-BED8-F0B9193384F0}.Debug Shared MDd|x86.Build.0 = Debug Shared MDd|Win32
		{2FFB810C-156E-4D11-BED8-F0B9193384F0}.Release MD Assert|x64.ActiveCfg = Release Shared MD Assert|x64
		{2FFB810C-156E-4D11-BED8-F0B9193384F0}.Release MD Assert|x64.Build.0 = Release Shared MD Assert|x64
		{2FFB810C-156E-4D11-BED8-F0B9193384F0}.Release MD Assert|x86.ActiveCfg = Release Shared MD Assert|Win32
		{2FFB810C-156E-4D11-BED8-F0B9193384F0}.Release MD Assert|x86.Build.0 = Release Shared MD Assert|Win32
		{2FFB810C-156E-4D11-BED8-F0B9193384F0}.Release MD|x64.ActiveCfg = Release Shared MD Assert|x64
		{2FFB810C-156E-4D11-BED8-F0B9193384F0}.Release MD|x64.Build.0 = Release Shared MD Assert|x64
		{2FFB810C-156E-4D11-BED8-F0B9193384F0}.Release MD|x86.ActiveCfg = Release Shared MD Assert|Win32
		{2FFB810C-156E-4D11-BED8-F0B9193384F0}.Release MD|x86.Build.0 = Release Shared MD Assert|Win32
		{2FFB810C-156E-4D11-BED8-F0B9193384F0}.Release Shared MD Assert|x64.ActiveCfg = Release Shared MD Assert|x64
		{2FFB810C-156E-4D11-BED8-F0B9193384F0}.Release Shared MD Assert|x64.Build.0 = Release Shared MD Assert|x64
		{2FFB810C-156E-4D11-BED8-F0B9193384F0}.Release Shared MD Assert|x86.ActiveCfg = Release Shared MD Assert|Win32
		{2FFB810C-156E-4D11-BED8-F0B9193384F0}.Release Shared MD Assert|x86.Build.0 = Release Shared MD Assert|Win32
		{2FFB810C-156E-4D11-BED8-F0B9193384F0}.Release Shared MD|x64.ActiveCfg = Release Shared MD|x64
		{2FFB810C-156E-4D11-BED8-F0B9193384F0}.Release Shared MD|x64.Build.0 = Release Shared MD|x64
		{2FFB810C-156E-4D11-BED8-F0B9193384F0}.Release Shared MD|x86.ActiveCfg = Release Shared MD|Win32
		{2FFB810C-156E-4D11-BED8-F0B9193384F0}.Release Shared MD|x86.Build.0 = Release Shared MD|Win32
		{A650B88F-6F8F-45B3-A218-F19E4A893E11}.Debug MDd|x64.ActiveCfg = Debug MDd|x64
		{A650B88F-6F8F-45B3-A218-F19E4A893E11}.Debug MDd|x64.Build.0 = Debug MDd|x64
		{A650B88F-6F8F-45B3-A218-F19E4A893E11}.Debug MDd|x86.ActiveCfg = Debug MDd|Win32
		{A650B88F-6F8F-45B3-A218-F19E4A893E11}.Debug MDd|x86.Build.0 = Debug MDd|Win32
		{A650B88F-6F8F-45B3-A218-F19E4A893E11}.Debug Shared MDd|x64.ActiveCfg = Debug MDd|x64
		{A650B88F-6F8F-45B3-A218-F19E4A893E11}.Debug Shared MDd|x64.Build.0 = Debug MDd|x64
		{A650B88F-6F8F-45B3-A218-F19E4A893E11}.Debug Shared MDd|x86.ActiveCfg = Debug MDd|Win32
		{A650B88F-6F8F-45B3-A218-F19E4A893E11}.Debug Shared MDd|x86.Build.0 = Debug MDd|Win32
		{A650B88F-6F8F-45B3-A218-F19E4A893E11}.Release MD Assert|x64.ActiveCfg = Release MD Assert|x64
		{A650B88F-6F8F-45B3-A218-F19E4A893E11}.Release MD Assert|x64.Build.0 = Release MD Assert|x64
		{A650B88F-6F8F-45B3-A218-F19E4A893E11}.Release MD Assert|x86.ActiveCfg = Release MD Assert|Win32
		{A650B88F-6F8F-45B3-A218-F19E4A893E11}.Release MD Assert|x86.Build.0 = Release MD Assert|Win32
		{A650B88F-6F8F-45B3-A218-F19E4A893E11}.Release MD|x64.ActiveCfg = Release MD|x64
		{A650B88F-6F8F-45B3-A218-F19E4A893E11}.Release MD|x64.Build.0 = Release MD|x64
		{A650B88F-6F8F-45B3-A218-F19E4A893E11}.Release MD|x86.ActiveCfg = Release MD|Win32
		{A650B88F-6F8F-45B3-A218-F19E4A893E11}.Release MD|x86.Build.0 = Release MD|Win32
		{A650B88F-6F8F-45B3-A218-F19E4A893E11}.Release Shared MD Assert|x64.ActiveCfg = Release MD|x64
		{A650B88F-6F8F-45B3-A218-F19E4A893E11}.Release Shared MD Assert|x64.Build.0 = Release MD|x64
		{A650B88F-6F8F-45B3-A218-F19E4A893E11}.Release Shared MD Assert|x86.ActiveCfg = Release MD|Win32
		{A650B88F-6F8F-45B3-A218-F19E4A893E11}.Release Shared MD Assert|x86.Build.0 = Release MD|Win32
		{A650B88F-6F8F-45B3-A218-F19E4A893E11}.Release Shared MD|x64.ActiveCfg = Release MD|x64
		{A650B88F-6F8F-45B3-A218-F19E4A893E11}.Release Shared MD|x64.Build.0 = Release MD|x64
		{A650B88F-6F8F-45B3-A218-F19E4A893E11}.Release Shared MD|x86.ActiveCfg = Release MD|Win32
		{A650B88F-6F8F-45B3-A218-F19E4A893E11}.Release Shared MD|x86.Build.0 = Release MD|Win32
	EndGlobalSection
	GlobalSection(SolutionProperties) = preSolution
		HideSolutionNode = FALSE
	EndGlobalSection
EndGlobal
